
Microsoft Visual Studio Solution File, Format Version 12.00
# Visual Studio 15
VisualStudioVersion = 15.0.27428.1
MinimumVisualStudioVersion = 10.0.40219.1
Project("{FAE04EC0-301F-11D3-BF4B-00C04F79EFBC}") = "WebApplication1", "WebApplication1\WebApplication1.csproj", "{CC382F4F-A327-4623-AD09-EDDC2806011D}"
EndProject
Project("{FAE04EC0-301F-11D3-BF4B-00C04F79EFBC}") = "WebApplication2", "WebApplication2\WebApplication2.csproj", "{5F93DFA2-EA56-48AC-BA02-1C2C03F68619}"
EndProject
Project("{FAE04EC0-301F-11D3-BF4B-00C04F79EFBC}") = "replyMessage", "replyMessage\replyMessage.csproj", "{63D1BB97-D9C7-4B26-A368-C079EDC3DD72}"
EndProject
Global
	GlobalSection(SolutionConfigurationPlatforms) = preSolution
		Debug|Any CPU = Debug|Any CPU
		Release|Any CPU = Release|Any CPU
	EndGlobalSection
	GlobalSection(ProjectConfigurationPlatforms) = postSolution
		{CC382F4F-A327-4623-AD09-EDDC2806011D}.Debug|Any CPU.ActiveCfg = Debug|Any CPU
		{CC382F4F-A327-4623-AD09-EDDC2806011D}.Debug|Any CPU.Build.0 = Debug|Any CPU
		{CC382F4F-A327-4623-AD09-EDDC2806011D}.Release|Any CPU.ActiveCfg = Release|Any CPU
		{CC382F4F-A327-4623-AD09-EDDC2806011D}.Release|Any CPU.Build.0 = Release|Any CPU
		{5F93DFA2-EA56-48AC-BA02-1C2C03F68619}.Debug|Any CPU.ActiveCfg = Debug|Any CPU
		{5F93DFA2-EA56-48AC-BA02-1C2C03F68619}.Debug|Any CPU.Build.0 = Debug|Any CPU
		{5F93DFA2-EA56-48AC-BA02-1C2C03F68619}.Release|Any CPU.ActiveCfg = Release|Any CPU
		{5F93DFA2-EA56-48AC-BA02-1C2C03F68619}.Release|Any CPU.Build.0 = Release|Any CPU
		{63D1BB97-D9C7-4B26-A368-C079EDC3DD72}.Debug|Any CPU.ActiveCfg = Debug|Any CPU
		{63D1BB97-D9C7-4B26-A368-C079EDC3DD72}.Debug|Any CPU.Build.0 = Debug|Any CPU
		{63D1BB97-D9C7-4B26-A368-C079EDC3DD72}.Release|Any CPU.ActiveCfg = Release|Any CPU
		{63D1BB97-D9C7-4B26-A368-C079EDC3DD72}.Release|Any CPU.Build.0 = Release|Any CPU
	EndGlobalSection
	GlobalSection(SolutionProperties) = preSolution
		HideSolutionNode = FALSE
	EndGlobalSection
	GlobalSection(ExtensibilityGlobals) = postSolution
		SolutionGuid = {1D71D2EF-A329-428C-A8B6-21210765C707}
	EndGlobalSection
EndGlobal
